
Microsoft Visual Studio Solution File, Format Version 12.00
Project("{FAE04EC0-301F-11D3-BF4B-00C04F79EFBC}") = "Gabriel", "Gabriel\Gabriel.csproj", "{BE5C1F36-0EBD-45B2-A39B-3DFAA4A50425}"
EndProject
Global
	GlobalSection(SolutionConfigurationPlatforms) = preSolution
		Debug|Any CPU = Debug|Any CPU
		Release|Any CPU = Release|Any CPU
	EndGlobalSection
	GlobalSection(ProjectConfigurationPlatforms) = postSolution
		{BE5C1F36-0EBD-45B2-A39B-3DFAA4A50425}.Debug|Any CPU.ActiveCfg = Debug|Any CPU
		{BE5C1F36-0EBD-45B2-A39B-3DFAA4A50425}.Debug|Any CPU.Build.0 = Debug|Any CPU
		{BE5C1F36-0EBD-45B2-A39B-3DFAA4A50425}.Release|Any CPU.ActiveCfg = Release|Any CPU
		{BE5C1F36-0EBD-45B2-A39B-3DFAA4A50425}.Release|Any CPU.Build.0 = Release|Any CPU
	EndGlobalSection
EndGlobal
